Microsoft Visual Studio Solution File, Format Version 12.00
# Visual Studio Version 17
VisualStudioVersion = 17.5.2.0
MinimumVisualStudioVersion = 10.0.40219.1
Project("{FAE04EC0-301F-11D3-BF4B-00C04F79EFBC}") = "Exercicio-De-Musica-", "Exercicio-De-Musica-.csproj", "{8FB8E293-3370-33EE-76BD-F994740B841A}"
EndProject
Global
	GlobalSection(SolutionConfigurationPlatforms) = preSolution
		Debug|Any CPU = Debug|Any CPU
		Release|Any CPU = Release|Any CPU
	EndGlobalSection
	GlobalSection(ProjectConfigurationPlatforms) = postSolution
		{8FB8E293-3370-33EE-76BD-F994740B841A}.Debug|Any CPU.ActiveCfg = Debug|Any CPU
		{8FB8E293-3370-33EE-76BD-F994740B841A}.Debug|Any CPU.Build.0 = Debug|Any CPU
		{8FB8E293-3370-33EE-76BD-F994740B841A}.Release|Any CPU.ActiveCfg = Release|Any CPU
		{8FB8E293-3370-33EE-76BD-F994740B841A}.Release|Any CPU.Build.0 = Release|Any CPU
	EndGlobalSection
	GlobalSection(SolutionProperties) = preSolution
		HideSolutionNode = FALSE
	EndGlobalSection
	GlobalSection(ExtensibilityGlobals) = postSolution
		SolutionGuid = {8530EF1E-DD6D-4E54-AF69-0DCC38FDAA45}
	EndGlobalSection
EndGlobal
